// !$*UTF8*$!
{
	archiveVersion = 1;
	classes = {
	};
	objectVersion = 50;
	objects = {

/* Begin PBXBuildFile section */
		495BA5732354352F00C83884 /* AppDelegate.swift in Sources */ = {isa = PBXBuildFile; fileRef = 495BA5722354352F00C83884 /* AppDelegate.swift */; };
		495BA5752354352F00C83884 /* SceneDelegate.swift in Sources */ = {isa = PBXBuildFile; fileRef = 495BA5742354352F00C83884 /* SceneDelegate.swift */; };
		495BA5772354352F00C83884 /* ViewController.swift in Sources */ = {isa = PBXBuildFile; fileRef = 495BA5762354352F00C83884 /* ViewController.swift */; };
		495BA57A2354352F00C83884 /* Main.storyboard in Resources */ = {isa = PBXBuildFile; fileRef = 495BA5782354352F00C83884 /* Main.storyboard */; };
		495BA57D2354352F00C83884 /* MapOverlayApp.xcdatamodeld in Sources */ = {isa = PBXBuildFile; fileRef = 495BA57B2354352F00C83884 /* MapOverlayApp.xcdatamodeld */; };
		495BA57F2354353300C83884 /* Assets.xcassets in Resources */ = {isa = PBXBuildFile; fileRef = 495BA57E2354353300C83884 /* Assets.xcassets */; };
		495BA5822354353300C83884 /* LaunchScreen.storyboard in Resources */ = {isa = PBXBuildFile; fileRef = 495BA5802354353300C83884 /* LaunchScreen.storyboard */; };
		495BA58A235437FD00C83884 /* CityLocations.swift in Sources */ = {isa = PBXBuildFile; fileRef = 495BA589235437FD00C83884 /* CityLocations.swift */; };
/* End PBXBuildFile section */

/* Begin PBXFileReference section */
		495BA56F2354352F00C83884 /* MapOverlayApp.app */ = {isa = PBXFileReference; explicitFileType = wrapper.application; includeInIndex = 0; path = MapOverlayApp.app; sourceTree = BUILT_PRODUCTS_DIR; };
		495BA5722354352F00C83884 /* AppDelegate.swift */ = {isa = PBXFileReference; lastKnownFileType = sourcecode.swift; path = AppDelegate.swift; sourceTree = "<group>"; };
		495BA5742354352F00C83884 /* SceneDelegate.swift */ = {isa = PBXFileReference; lastKnownFileType = sourcecode.swift; path = SceneDelegate.swift; sourceTree = "<group>"; };
		495BA5762354352F00C83884 /* ViewController.swift */ = {isa = PBXFileReference; lastKnownFileType = sourcecode.swift; path = ViewController.swift; sourceTree = "<group>"; };
		495BA5792354352F00C83884 /* Base */ = {isa = PBXFileReference; lastKnownFileType = file.storyboard; name = Base; path = Base.lproj/Main.storyboard; sourceTree = "<group>"; };
		495BA57C2354352F00C83884 /* MapOverlayApp.xcdatamodel */ = {isa = PBXFileReference; lastKnownFileType = wrapper.xcdatamodel; path = MapOverlayApp.xcdatamodel; sourceTree = "<group>"; };
		495BA57E2354353300C83884 /* Assets.xcassets */ = {isa = PBXFileReference; lastKnownFileType = folder.assetcatalog; path = Assets.xcassets; sourceTree = "<group>"; };
		495BA5812354353300C83884 /* Base */ = {isa = PBXFileReference; lastKnownFileType = file.storyboard; name = Base; path = Base.lproj/LaunchScreen.storyboard; sourceTree = "<group>"; };
		495BA5832354353300C83884 /* Info.plist */ = {isa = PBXFileReference; lastKnownFileType = text.plist.xml; path = Info.plist; sourceTree = "<group>"; };
		495BA589235437FD00C83884 /* CityLocations.swift */ = {isa = PBXFileReference; lastKnownFileType = sourcecode.swift; path = CityLocations.swift; sourceTree = "<group>"; };
/* End PBXFileReference section */

/* Begin PBXFrameworksBuildPhase section */
		495BA56C2354352F00C83884 /* Frameworks */ = {
			isa = PBXFrameworksBuildPhase;
			buildActionMask = 2147483647;
			files = (
			);
			runOnlyForDeploymentPostprocessing = 0;
		};
/* End PBXFrameworksBuildPhase section */

/* Begin PBXGroup section */
		495BA5662354352F00C83884 = {
			isa = PBXGroup;
			children = (
				495BA5712354352F00C83884 /* MapOverlayApp */,
				495BA5702354352F00C83884 /* Products */,
			);
			sourceTree = "<group>";
		};
		495BA5702354352F00C83884 /* Products */ = {
			isa = PBXGroup;
			children = (
				495BA56F2354352F00C83884 /* MapOverlayApp.app */,
			);
			name = Products;
			sourceTree = "<group>";
		};
		495BA5712354352F00C83884 /* MapOverlayApp */ = {
			isa = PBXGroup;
			children = (
				495BA5722354352F00C83884 /* AppDelegate.swift */,
				495BA5742354352F00C83884 /* SceneDelegate.swift */,
				495BA5762354352F00C83884 /* ViewController.swift */,
				495BA5782354352F00C83884 /* Main.storyboard */,
				495BA589235437FD00C83884 /* CityLocations.swift */,
				495BA57E2354353300C83884 /* Assets.xcassets */,
				495BA5802354353300C83884 /* LaunchScreen.storyboard */,
				495BA5832354353300C83884 /* Info.plist */,
				495BA57B2354352F00C83884 /* MapOverlayApp.xcdatamodeld */,
			);
			path = MapOverlayApp;
			sourceTree = "<group>";
		};
/* End PBXGroup section */

/* Begin PBXNativeTarget section */
		495BA56E2354352F00C83884 /* MapOverlayApp */ = {
			isa = PBXNativeTarget;
			buildConfigurationList = 495BA5862354353300C83884 /* Build configuration list for PBXNativeTarget "MapOverlayApp" */;
			buildPhases = (
				495BA56B2354352F00C83884 /* Sources */,
				495BA56C2354352F00C83884 /* Frameworks */,
				495BA56D2354352F00C83884 /* Resources */,
			);
			buildRules = (
			);
			dependencies = (
			);
			name = MapOverlayApp;
			productName = MapOverlayApp;
			productReference = 495BA56F2354352F00C83884 /* MapOverlayApp.app */;
			productType = "com.apple.product-type.application";
		};
/* End PBXNativeTarget section */

/* Begin PBXProject section */
		495BA5672354352F00C83884 /* Project object */ = {
			isa = PBXProject;
			attributes = {
				LastSwiftUpdateCheck = 1110;
				LastUpgradeCheck = 1110;
				ORGANIZATIONNAME = TechPro;
				TargetAttributes = {
					495BA56E2354352F00C83884 = {
						CreatedOnToolsVersion = 11.1;
					};
				};
			};
			buildConfigurationList = 495BA56A2354352F00C83884 /* Build configuration list for PBXProject "MapOverlayApp" */;
			compatibilityVersion = "Xcode 9.3";
			developmentRegion = en;
			hasScannedForEncodings = 0;
			knownRegions = (
				en,
				Base,
			);
			mainGroup = 495BA5662354352F00C83884;
			productRefGroup = 495BA5702354352F00C83884 /* Products */;
			projectDirPath = "";
			projectRoot = "";
			targets = (
				495BA56E2354352F00C83884 /* MapOverlayApp */,
			);
		};
/* End PBXProject section */

/* Begin PBXResourcesBuildPhase section */
		495BA56D2354352F00C83884 /* Resources */ = {
			isa = PBXResourcesBuildPhase;
			buildActionMask = 2147483647;
			files = (
				495BA5822354353300C83884 /* LaunchScreen.storyboard in Resources */,
				495BA57F2354353300C83884 /* Assets.xcassets in Resources */,
				495BA57A2354352F00C83884 /* Main.storyboard in Resources */,
			);
			runOnlyForDeploymentPostprocessing = 0;
		};
/* End PBXResourcesBuildPhase section */

/* Begin PBXSourcesBuildPhase section */
		495BA56B2354352F00C83884 /* Sources */ = {
			isa = PBXSourcesBuildPhase;
			buildActionMask = 2147483647;
			files = (
				495BA58A235437FD00C83884 /* CityLocations.swift in Sources */,
				495BA5772354352F00C83884 /* ViewController.swift in Sources */,
				495BA5732354352F00C83884 /* AppDelegate.swift in Sources */,
				495BA5752354352F00C83884 /* SceneDelegate.swift in Sources */,
				495BA57D2354352F00C83884 /* MapOverlayApp.xcdatamodeld in Sources */,
			);
			runOnlyForDeploymentPostprocessing = 0;
		};
/* End PBXSourcesBuildPhase section */

/* Begin PBXVariantGroup section */
		495BA5782354352F00C83884 /* Main.storyboard */ = {
			isa = PBXVariantGroup;
			children = (
				495BA5792354352F00C83884 /* Base */,
			);
			name = Main.storyboard;
			sourceTree = "<group>";
		};
		495BA5802354353300C83884 /* LaunchScreen.storyboard */ = {
			isa = PBXVariantGroup;
			children = (
				495BA5812354353300C83884 /* Base */,
			);
			name = LaunchScreen.storyboard;
			sourceTree = "<group>";
		};
/* End PBXVariantGroup section */

/* Begin XCBuildConfiguration section */
		495BA5842354353300C83884 /* Debug */ = {
			isa = XCBuildConfiguration;
			buildSettings = {
				ALWAYS_SEARCH_USER_PATHS = NO;
				CLANG_ANALYZER_NONNULL = YES;
				CLANG_ANALYZER_NUMBER_OBJECT_CONVERSION = YES_AGGRESSIVE;
				CLANG_CXX_LANGUAGE_STANDARD = "gnu++14";
				CLANG_CXX_LIBRARY = "libc++";
				CLANG_ENABLE_MODULES = YES;
				CLANG_ENABLE_OBJC_ARC = YES;
				CLANG_ENABLE_OBJC_WEAK = YES;
				CLANG_WARN_BLOCK_CAPTURE_AUTORELEASING = YES;
				CLANG_WARN_BOOL_CONVERSION = YES;
				CLANG_WARN_COMMA = YES;
				CLANG_WARN_CONSTANT_CONVERSION = YES;
				CLANG_WARN_DEPRECATED_OBJC_IMPLEMENTATIONS = YES;
				CLANG_WARN_DIRECT_OBJC_ISA_USAGE = YES_ERROR;
				CLANG_WARN_DOCUMENTATION_COMMENTS = YES;
				CLANG_WARN_EMPTY_BODY = YES;
				CLANG_WARN_ENUM_CONVERSION = YES;
				CLANG_WARN_INFINITE_RECURSION = YES;
				CLANG_WARN_INT_CONVERSION = YES;
				CLANG_WARN_NON_LITERAL_NULL_CONVERSION = YES;
				CLANG_WARN_OBJC_IMPLICIT_RETAIN_SELF = YES;
				CLANG_WARN_OBJC_LITERAL_CONVERSION = YES;
				CLANG_WARN_OBJC_ROOT_CLASS = YES_ERROR;
				CLANG_WARN_RANGE_LOOP_ANALYSIS = YES;
				CLANG_WARN_STRICT_PROTOTYPES = YES;
				CLANG_WARN_SUSPICIOUS_MOVE = YES;
				CLANG_WARN_UNGUARDED_AVAILABILITY = YES_AGGRESSIVE;
				CLANG_WARN_UNREACHABLE_CODE = YES;
				CLANG_WARN__DUPLICATE_METHOD_MATCH = YES;
				COPY_PHASE_STRIP = NO;
				DEBUG_INFORMATION_FORMAT = dwarf;
				ENABLE_STRICT_OBJC_MSGSEND = YES;
				ENABLE_TESTABILITY = YES;
				GCC_C_LANGUAGE_STANDARD = gnu11;
				GCC_DYNAMIC_NO_PIC = NO;
				GCC_NO_COMMON_BLOCKS = YES;
				GCC_OPTIMIZATION_LEVEL = 0;
				GCC_PREPROCESSOR_DEFINITIONS = (
					"DEBUG=1",
					"$(inherited)",
				);
				GCC_WARN_64_TO_32_BIT_CONVERSION = YES;
				GCC_WARN_ABOUT_RETURN_TYPE = YES_ERROR;
				GCC_WARN_UNDECLARED_SELECTOR = YES;
				GCC_WARN_UNINITIALIZED_AUTOS = YES_AGGRESSIVE;
				GCC_WARN_UNUSED_FUNCTION = YES;
				GCC_WARN_UNUSED_VARIABLE = YES;
				IPHONEOS_DEPLOYMENT_TARGET = 13.1;
				MTL_ENABLE_DEBUG_INFO = INCLUDE_SOURCE;
				MTL_FAST_MATH = YES;
				ONLY_ACTIVE_ARCH = YES;
				SDKROOT = iphoneos;
				SWIFT_ACTIVE_COMPILATION_CONDITIONS = DEBUG;
				SWIFT_OPTIMIZATION_LEVEL = "-Onone";
			};
			name = Debug;
		};
		495BA5852354353300C83884 /* Release */ = {
			isa = XCBuildConfiguration;
			buildSettings = {
				ALWAYS_SEARCH_USER_PATHS = NO;
				CLANG_ANALYZER_NONNULL = YES;
				CLANG_ANALYZER_NUMBER_OBJECT_CONVERSION = YES_AGGRESSIVE;
				CLANG_CXX_LANGUAGE_STANDARD = "gnu++14";
				CLANG_CXX_LIBRARY = "libc++";
				CLANG_ENABLE_MODULES = YES;
				CLANG_ENABLE_OBJC_ARC = YES;
				CLANG_ENABLE_OBJC_WEAK = YES;
				CLANG_WARN_BLOCK_CAPTURE_AUTORELEASING = YES;
				CLANG_WARN_BOOL_CONVERSION = YES;
				CLANG_WARN_COMMA = YES;
				CLANG_WARN_CONSTANT_CONVERSION = YES;
				CLANG_WARN_DEPRECATED_OBJC_IMPLEMENTATIONS = YES;
				CLANG_WARN_DIRECT_OBJC_ISA_USAGE = YES_ERROR;
				CLANG_WARN_DOCUMENTATION_COMMENTS = YES;
				CLANG_WARN_EMPTY_BODY = YES;
				CLANG_WARN_ENUM_CONVERSION = YES;
				CLANG_WARN_INFINITE_RECURSION = YES;
				CLANG_WARN_INT_CONVERSION = YES;
				CLANG_WARN_NON_LITERAL_NULL_CONVERSION = YES;
				CLANG_WARN_OBJC_IMPLICIT_RETAIN_SELF = YES;
				CLANG_WARN_OBJC_LITERAL_CONVERSION = YES;
				CLANG_WARN_OBJC_ROOT_CLASS = YES_ERROR;
				CLANG_WARN_RANGE_LOOP_ANALYSIS = YES;
				CLANG_WARN_STRICT_PROTOTYPES = YES;
				CLANG_WARN_SUSPICIOUS_MOVE = YES;
				CLANG_WARN_UNGUARDED_AVAILABILITY = YES_AGGRESSIVE;
				CLANG_WARN_UNREACHABLE_CODE = YES;
				CLANG_WARN__DUPLICATE_METHOD_MATCH = YES;
				COPY_PHASE_STRIP = NO;
				DEBUG_INFORMATION_FORMAT = "dwarf-with-dsym";
				ENABLE_NS_ASSERTIONS = NO;
				ENABLE_STRICT_OBJC_MSGSEND = YES;
				GCC_C_LANGUAGE_STANDARD = gnu11;
				GCC_NO_COMMON_BLOCKS = YES;
				GCC_WARN_64_TO_32_BIT_CONVERSION = YES;
				GCC_WARN_ABOUT_RETURN_TYPE = YES_ERROR;
				GCC_WARN_UNDECLARED_SELECTOR = YES;
				GCC_WARN_UNINITIALIZED_AUTOS = YES_AGGRESSIVE;
				GCC_WARN_UNUSED_FUNCTION = YES;
				GCC_WARN_UNUSED_VARIABLE = YES;
				IPHONEOS_DEPLOYMENT_TARGET = 13.1;
				MTL_ENABLE_DEBUG_INFO = NO;
				MTL_FAST_MATH = YES;
				SDKROOT = iphoneos;
				SWIFT_COMPILATION_MODE = wholemodule;
				SWIFT_OPTIMIZATION_LEVEL = "-O";
				VALIDATE_PRODUCT = YES;
			};
			name = Release;
		};
		495BA5872354353300C83884 /* Debug */ = {
			isa = XCBuildConfiguration;
			buildSettings = {
				ASSETCATALOG_COMPILER_APPICON_NAME = AppIcon;
				CODE_SIGN_STYLE = Automatic;
				DEVELOPMENT_TEAM = KDT25F7N27;
				INFOPLIST_FILE = MapOverlayApp/Info.plist;
				LD_RUNPATH_SEARCH_PATHS = (
					"$(inherited)",
					"@executable_path/Frameworks",
				);
				PRODUCT_BUNDLE_IDENTIFIER = com.organization.MapOverlayApp;
				PRODUCT_NAME = "$(TARGET_NAME)";
				SWIFT_VERSION = 5.0;
				TARGETED_DEVICE_FAMILY = "1,2";
			};
			name = Debug;
		};
		495BA5882354353300C83884 /* Release */ = {
			isa = XCBuildConfiguration;
			buildSettings = {
				ASSETCATALOG_COMPILER_APPICON_NAME = AppIcon;
				CODE_SIGN_STYLE = Automatic;
				DEVELOPMENT_TEAM = KDT25F7N27;
				INFOPLIST_FILE = MapOverlayApp/Info.plist;
				LD_RUNPATH_SEARCH_PATHS = (
					"$(inherited)",
					"@executable_path/Frameworks",
				);
				PRODUCT_BUNDLE_IDENTIFIER = com.organization.MapOverlayApp;
				PRODUCT_NAME = "$(TARGET_NAME)";
				SWIFT_VERSION = 5.0;
				TARGETED_DEVICE_FAMILY = "1,2";
			};
			name = Release;
		};
/* End XCBuildConfiguration section */

/* Begin XCConfigurationList section */
		495BA56A2354352F00C83884 /* Build configuration list for PBXProject "MapOverlayApp" */ = {
			isa = XCConfigurationList;
			buildConfigurations = (
				495BA5842354353300C83884 /* Debug */,
				495BA5852354353300C83884 /* Release */,
			);
			defaultConfigurationIsVisible = 0;
			defaultConfigurationName = Release;
		};
		495BA5862354353300C83884 /* Build configuration list for PBXNativeTarget "MapOverlayApp" */ = {
			isa = XCConfigurationList;
			buildConfigurations = (
				495BA5872354353300C83884 /* Debug */,
				495BA5882354353300C83884 /* Release */,
			);
			defaultConfigurationIsVisible = 0;
			defaultConfigurationName = Release;
		};
/* End XCConfigurationList section */

/* Begin XCVersionGroup section */
		495BA57B2354352F00C83884 /* MapOverlayApp.xcdatamodeld */ = {
			isa = XCVersionGroup;
			children = (
				495BA57C2354352F00C83884 /* MapOverlayApp.xcdatamodel */,
			);
			currentVersion = 495BA57C2354352F00C83884 /* MapOverlayApp.xcdatamodel */;
			path = MapOverlayApp.xcdatamodeld;
			sourceTree = "<group>";
			versionGroupType = wrapper.xcdatamodel;
		};
/* End XCVersionGroup section */
	};
	rootObject = 495BA5672354352F00C83884 /* Project object */;
}
